{
    "name": "today.cedric.waketag",
    "version": "0.1.0",
    "lockfileVersion": 1,
    "requires": true,
    "dependencies": {
        "cordova-plugin-background-mode": {
            "version": "0.7.3",
            "resolved": "https://registry.npmjs.org/cordova-plugin-background-mode/-/cordova-plugin-background-mode-0.7.3.tgz",
            "integrity": "sha512-LsU1v7EgTUROaks+tcQ8TnMzVUcU/TwjDVwj2O/4e4aI2q2ldLGsiZorqKqfqvwh2HoIssmY73OwJk91hQi62w=="
        },
        "cordova-plugin-compat": {
            "version": "1.2.0",
            "resolved": "https://registry.npmjs.org/cordova-plugin-compat/-/cordova-plugin-compat-1.2.0.tgz",
            "integrity": "sha1-C8ZXVyduvZIMASzpIOJ0F3V2Nz4="
        },
        "cordova-plugin-device": {
            "version": "2.0.3",
            "resolved": "https://registry.npmjs.org/cordova-plugin-device/-/cordova-plugin-device-2.0.3.tgz",
            "integrity": "sha512-Jb3V72btxf3XHpkPQsGdyc8N6tVBYn1vsxSFj43fIz9vonJDUThYPCJJHqk6PX6N4dJw6I4FjxkpfCR4LDYMlw=="
        },
        "cordova-plugin-drawoverapps": {
            "version": "1.0.6",
            "resolved": "https://registry.npmjs.org/cordova-plugin-drawoverapps/-/cordova-plugin-drawoverapps-1.0.6.tgz",
            "integrity": "sha512-KzN72AMdKueh8NjVKQt9HHJQj9BsLqfWZbI1+qoeqFE6Nrwex1t9/kLevKEQd6pWaxUt8pw9C9YmHEZ0XAtGag=="
        },
        "cordova-plugin-whitelist": {
            "version": "1.3.4",
            "resolved": "https://registry.npmjs.org/cordova-plugin-whitelist/-/cordova-plugin-whitelist-1.3.4.tgz",
            "integrity": "sha512-EYC5eQFVkoYXq39l7tYKE6lEjHJ04mvTmKXxGL7quHLdFPfJMNzru/UYpn92AOfpl3PQaZmou78C7EgmFOwFQQ=="
        },
        "phonegap-nfc": {
            "version": "1.0.3",
            "resolved": "https://registry.npmjs.org/phonegap-nfc/-/phonegap-nfc-1.0.3.tgz",
            "integrity": "sha512-z2Usir2k8lNuvx6ITq8Xklu1HblzXkyfANc6Vx/liDGB1Az1lyu39qfEuRhQfjX2zSR2tcvsJ5z8yZQZaQ+MWw=="
        }
    }
}
